
Microsoft Visual Studio Solution File, Format Version 12.00
# Visual Studio Version 16
VisualStudioVersion = 16.0.29926.136
MinimumVisualStudioVersion = 10.0.40219.1
Project("{FAE04EC0-301F-11D3-BF4B-00C04F79EFBC}") = "open_xml_demo", "open_xml_demo.csproj", "{161D8752-C2AB-45BF-A7B0-3017B40832D4}"
EndProject
Global
	GlobalSection(SolutionConfigurationPlatforms) = preSolution
		Debug|Any CPU = Debug|Any CPU
		Release|Any CPU = Release|Any CPU
	EndGlobalSection
	GlobalSection(ProjectConfigurationPlatforms) = postSolution
		{161D8752-C2AB-45BF-A7B0-3017B40832D4}.Debug|Any CPU.ActiveCfg = Debug|Any CPU
		{161D8752-C2AB-45BF-A7B0-3017B40832D4}.Debug|Any CPU.Build.0 = Debug|Any CPU
		{161D8752-C2AB-45BF-A7B0-3017B40832D4}.Release|Any CPU.ActiveCfg = Release|Any CPU
		{161D8752-C2AB-45BF-A7B0-3017B40832D4}.Release|Any CPU.Build.0 = Release|Any CPU
	EndGlobalSection
	GlobalSection(SolutionProperties) = preSolution
		HideSolutionNode = FALSE
	EndGlobalSection
	GlobalSection(ExtensibilityGlobals) = postSolution
		SolutionGuid = {024F4F67-5D41-439F-AB08-63E6D844AF6F}
	EndGlobalSection
EndGlobal
